<?xml version="1.0" encoding="utf-8"?>
<Project ToolsVersion="4.0" xmlns="http://schemas.microsoft.com/developer/msbuild/2003">
  <ItemGroup>
    <Filter Include="Source Files">
      <UniqueIdentifier>{4FC737F1-C7A5-4376-A066-2A32D752A2FF}</UniqueIdentifier>
      <Extensions>cpp;c;cc;cxx;def;odl;idl;hpj;bat;asm;asmx</Extensions>
    </Filter>
    <Filter Include="Header Files">
      <UniqueIdentifier>{93995380-89BD-4b04-88EB-625FBE52EBFB}</UniqueIdentifier>
      <Extensions>h;hh;hpp;hxx;hm;inl;inc;xsd</Extensions>
    </Filter>
    <Filter Include="Resource Files">
      <UniqueIdentifier>{67DA6AB6-F800-4c08-8B7A-83BB121AAD01}</UniqueIdentifier>
      <Extensions>rc;ico;cur;bmp;dlg;rc2;rct;bin;rgs;gif;jpg;jpeg;jpe;resx;tiff;tif;png;wav;mfcribbon-ms</Extensions>
    </Filter>
    <Filter Include="Resource Files">
      <UniqueIdentifier>{D9D6E242-F8AF-46E4-B9FD-80ECBC20BA3E}</UniqueIdentifier>
      <Extensions>qrc;*</Extensions>
      <ParseFiles>false</ParseFiles>
    </Filter>
    <Filter Include="Header Files\Exceptions">
      <UniqueIdentifier>{d9d3952e-632a-49f4-a70b-c353c7508e6c}</UniqueIdentifier>
    </Filter>
    <Filter Include="Header Files\Functions">
      <UniqueIdentifier>{9b864b50-a578-4234-8427-4f714882c03d}</UniqueIdentifier>
    </Filter>
    <Filter Include="Source Files\Functions">
      <UniqueIdentifier>{71debf20-41fe-4f4b-8dcb-3fb916fb08f4}</UniqueIdentifier>
    </Filter>
    <Filter Include="Header Files\Enums">
      <UniqueIdentifier>{c21c916d-4638-4a42-a92d-67256f66c7ea}</UniqueIdentifier>
    </Filter>
    <Filter Include="Header Files\Std">
      <UniqueIdentifier>{3f34ef4c-3994-4d1a-adb3-1c0d1cabd9c1}</UniqueIdentifier>
    </Filter>
    <Filter Include="Header Files\Std\DataTypes">
      <UniqueIdentifier>{5a261131-ae00-4e33-beb3-5c3cd9d12291}</UniqueIdentifier>
    </Filter>
    <Filter Include="Header Files\OpCodes">
      <UniqueIdentifier>{58244fc3-efc0-4962-bff0-85652f460552}</UniqueIdentifier>
    </Filter>
    <Filter Include="Header Files\Core">
      <UniqueIdentifier>{003f4439-1439-4e70-b478-ad4960e3b78c}</UniqueIdentifier>
    </Filter>
    <Filter Include="Source Files\OpCodes">
      <UniqueIdentifier>{5c419d0b-8791-4f68-8779-e789bd2299df}</UniqueIdentifier>
    </Filter>
    <Filter Include="Source Files\Std">
      <UniqueIdentifier>{893a1e1d-1512-425b-afb6-c17719cc19a5}</UniqueIdentifier>
    </Filter>
    <Filter Include="Source Files\Std\DataTypes">
      <UniqueIdentifier>{d437b325-5072-4b5f-90fb-bedafb00206c}</UniqueIdentifier>
    </Filter>
    <Filter Include="Source Files\Core">
      <UniqueIdentifier>{98524a45-76cd-499b-ba3c-b4398cd066a2}</UniqueIdentifier>
    </Filter>
  </ItemGroup>
  <ItemGroup>
    <ClCompile Include="Program.cpp">
      <Filter>Source Files</Filter>
    </ClCompile>
    <ClCompile Include="VirtualMachine.cpp">
      <Filter>Source Files</Filter>
    </ClCompile>
    <ClCompile Include="Functions\Exit.cpp">
      <Filter>Source Files\Functions</Filter>
    </ClCompile>
    <ClCompile Include="main.cpp">
      <Filter>Source Files</Filter>
    </ClCompile>
    <ClCompile Include="Core\MethodSignature.cpp">
      <Filter>Source Files\Core</Filter>
    </ClCompile>
    <ClCompile Include="Core\Parameter.cpp">
      <Filter>Source Files\Core</Filter>
    </ClCompile>
    <ClCompile Include="Core\Stack.cpp">
      <Filter>Source Files\Core</Filter>
    </ClCompile>
    <ClCompile Include="Core\Variable.cpp">
      <Filter>Source Files\Core</Filter>
    </ClCompile>
    <ClCompile Include="Core\VariableList.cpp">
      <Filter>Source Files\Core</Filter>
    </ClCompile>
    <ClCompile Include="Core\Class.cpp">
      <Filter>Source Files\Core</Filter>
    </ClCompile>
    <ClCompile Include="Core\ClassList.cpp">
      <Filter>Source Files\Core</Filter>
    </ClCompile>
    <ClCompile Include="Core\Frame.cpp">
      <Filter>Source Files\Core</Filter>
    </ClCompile>
    <ClCompile Include="Core\Heap.cpp">
      <Filter>Source Files\Core</Filter>
    </ClCompile>
    <ClCompile Include="Core\Method.cpp">
      <Filter>Source Files\Core</Filter>
    </ClCompile>
    <ClCompile Include="Functions\ExecuteMethod.cpp">
      <Filter>Source Files\Functions</Filter>
    </ClCompile>
    <ClCompile Include="OpCodes\OpSetarr.cpp">
      <Filter>Source Files\OpCodes</Filter>
    </ClCompile>
    <ClCompile Include="OpCodes\OpSub.cpp">
      <Filter>Source Files\OpCodes</Filter>
    </ClCompile>
    <ClCompile Include="OpCodes\OpAdd.cpp">
      <Filter>Source Files\OpCodes</Filter>
    </ClCompile>
    <ClCompile Include="OpCodes\OpBase.cpp">
      <Filter>Source Files\OpCodes</Filter>
    </ClCompile>
    <ClCompile Include="OpCodes\OpCallm.cpp">
      <Filter>Source Files\OpCodes</Filter>
    </ClCompile>
    <ClCompile Include="OpCodes\OpCast.cpp">
      <Filter>Source Files\OpCodes</Filter>
    </ClCompile>
    <ClCompile Include="OpCodes\OpClass.cpp">
      <Filter>Source Files\OpCodes</Filter>
    </ClCompile>
    <ClCompile Include="OpCodes\OpDiv.cpp">
      <Filter>Source Files\OpCodes</Filter>
    </ClCompile>
    <ClCompile Include="OpCodes\OpDup.cpp">
      <Filter>Source Files\OpCodes</Filter>
    </ClCompile>
    <ClCompile Include="OpCodes\OpGc.cpp">
      <Filter>Source Files\OpCodes</Filter>
    </ClCompile>
    <ClCompile Include="OpCodes\OpGet.cpp">
      <Filter>Source Files\OpCodes</Filter>
    </ClCompile>
    <ClCompile Include="OpCodes\OpGetarr.cpp">
      <Filter>Source Files\OpCodes</Filter>
    </ClCompile>
    <ClCompile Include="OpCodes\OpJmp.cpp">
      <Filter>Source Files\OpCodes</Filter>
    </ClCompile>
    <ClCompile Include="OpCodes\OpJmpif.cpp">
      <Filter>Source Files\OpCodes</Filter>
    </ClCompile>
    <ClCompile Include="OpCodes\OpLocal.cpp">
      <Filter>Source Files\OpCodes</Filter>
    </ClCompile>
    <ClCompile Include="OpCodes\OpMaxStack.cpp">
      <Filter>Source Files\OpCodes</Filter>
    </ClCompile>
    <ClCompile Include="OpCodes\OpMclass.cpp">
      <Filter>Source Files\OpCodes</Filter>
    </ClCompile>
    <ClCompile Include="OpCodes\OpMethod.cpp">
      <Filter>Source Files\OpCodes</Filter>
    </ClCompile>
    <ClCompile Include="OpCodes\OpMul.cpp">
      <Filter>Source Files\OpCodes</Filter>
    </ClCompile>
    <ClCompile Include="OpCodes\OpNew.cpp">
      <Filter>Source Files\OpCodes</Filter>
    </ClCompile>
    <ClCompile Include="OpCodes\OpNewarr.cpp">
      <Filter>Source Files\OpCodes</Filter>
    </ClCompile>
    <ClCompile Include="OpCodes\OpPushBool.cpp">
      <Filter>Source Files\OpCodes</Filter>
    </ClCompile>
    <ClCompile Include="OpCodes\OpPushFloat.cpp">
      <Filter>Source Files\OpCodes</Filter>
    </ClCompile>
    <ClCompile Include="OpCodes\OpPushInt32.cpp">
      <Filter>Source Files\OpCodes</Filter>
    </ClCompile>
    <ClCompile Include="OpCodes\OpPushStr.cpp">
      <Filter>Source Files\OpCodes</Filter>
    </ClCompile>
    <ClCompile Include="OpCodes\OpReturn.cpp">
      <Filter>Source Files\OpCodes</Filter>
    </ClCompile>
    <ClCompile Include="OpCodes\OpSet.cpp">
      <Filter>Source Files\OpCodes</Filter>
    </ClCompile>
    <ClCompile Include="Std\RelaxNull.cpp">
      <Filter>Source Files\Std</Filter>
    </ClCompile>
    <ClCompile Include="Std\StdClass.cpp">
      <Filter>Source Files\Std</Filter>
    </ClCompile>
    <ClCompile Include="Std\StdClassList.cpp">
      <Filter>Source Files\Std</Filter>
    </ClCompile>
    <ClCompile Include="Std\StdMethod.cpp">
      <Filter>Source Files\Std</Filter>
    </ClCompile>
    <ClCompile Include="Std\DataTypes\RelaxString.cpp">
      <Filter>Source Files\Std\DataTypes</Filter>
    </ClCompile>
    <ClCompile Include="Std\DataTypes\Object.cpp">
      <Filter>Source Files\Std\DataTypes</Filter>
    </ClCompile>
    <ClCompile Include="Std\DataTypes\RelaxArray.cpp">
      <Filter>Source Files\Std\DataTypes</Filter>
    </ClCompile>
    <ClCompile Include="Std\DataTypes\RelaxBool.cpp">
      <Filter>Source Files\Std\DataTypes</Filter>
    </ClCompile>
    <ClCompile Include="Std\DataTypes\RelaxConsole.cpp">
      <Filter>Source Files\Std\DataTypes</Filter>
    </ClCompile>
    <ClCompile Include="Std\DataTypes\RelaxConverter.cpp">
      <Filter>Source Files\Std\DataTypes</Filter>
    </ClCompile>
    <ClCompile Include="Std\DataTypes\RelaxFloat.cpp">
      <Filter>Source Files\Std\DataTypes</Filter>
    </ClCompile>
    <ClCompile Include="Std\DataTypes\RelaxInt32.cpp">
      <Filter>Source Files\Std\DataTypes</Filter>
    </ClCompile>
    <ClCompile Include="Std\DataTypes\RelaxPointer.cpp">
      <Filter>Source Files\Std\DataTypes</Filter>
    </ClCompile>
    <ClCompile Include="Std\DataTypes\RelaxRandom.cpp">
      <Filter>Source Files\Std\DataTypes</Filter>
    </ClCompile>
  </ItemGroup>
  <ItemGroup>
    <ClInclude Include="Program.h">
      <Filter>Header Files</Filter>
    </ClInclude>
    <ClInclude Include="VirtualMachine.h">
      <Filter>Header Files</Filter>
    </ClInclude>
    <ClInclude Include="Exceptions\Exception.h">
      <Filter>Header Files\Exceptions</Filter>
    </ClInclude>
    <ClInclude Include="Exceptions\ExitException.h">
      <Filter>Header Files\Exceptions</Filter>
    </ClInclude>
    <ClInclude Include="Functions\Exit.h">
      <Filter>Header Files\Functions</Filter>
    </ClInclude>
    <ClInclude Include="Args.h">
      <Filter>Header Files</Filter>
    </ClInclude>
    <ClInclude Include="GlobalVariables.h">
      <Filter>Header Files</Filter>
    </ClInclude>
    <ClInclude Include="Core\Parameter.h">
      <Filter>Header Files\Core</Filter>
    </ClInclude>
    <ClInclude Include="Core\Stack.h">
      <Filter>Header Files\Core</Filter>
    </ClInclude>
    <ClInclude Include="Core\Variable.h">
      <Filter>Header Files\Core</Filter>
    </ClInclude>
    <ClInclude Include="Core\VariableList.h">
      <Filter>Header Files\Core</Filter>
    </ClInclude>
    <ClInclude Include="Core\Class.h">
      <Filter>Header Files\Core</Filter>
    </ClInclude>
    <ClInclude Include="Core\ClassList.h">
      <Filter>Header Files\Core</Filter>
    </ClInclude>
    <ClInclude Include="Core\Frame.h">
      <Filter>Header Files\Core</Filter>
    </ClInclude>
    <ClInclude Include="Core\Heap.h">
      <Filter>Header Files\Core</Filter>
    </ClInclude>
    <ClInclude Include="Core\Method.h">
      <Filter>Header Files\Core</Filter>
    </ClInclude>
    <ClInclude Include="Core\MethodSignature.h">
      <Filter>Header Files\Core</Filter>
    </ClInclude>
    <ClInclude Include="Enums\AccessModifier.h">
      <Filter>Header Files\Enums</Filter>
    </ClInclude>
    <ClInclude Include="Enums\Instruction.h">
      <Filter>Header Files\Enums</Filter>
    </ClInclude>
    <ClInclude Include="Functions\ExecuteMethod.h">
      <Filter>Header Files\Functions</Filter>
    </ClInclude>
    <ClInclude Include="OpCodes\OpAdd.h">
      <Filter>Header Files\OpCodes</Filter>
    </ClInclude>
    <ClInclude Include="OpCodes\OpBase.h">
      <Filter>Header Files\OpCodes</Filter>
    </ClInclude>
    <ClInclude Include="OpCodes\OpCallm.h">
      <Filter>Header Files\OpCodes</Filter>
    </ClInclude>
    <ClInclude Include="OpCodes\OpCast.h">
      <Filter>Header Files\OpCodes</Filter>
    </ClInclude>
    <ClInclude Include="OpCodes\OpClass.h">
      <Filter>Header Files\OpCodes</Filter>
    </ClInclude>
    <ClInclude Include="OpCodes\OpDiv.h">
      <Filter>Header Files\OpCodes</Filter>
    </ClInclude>
    <ClInclude Include="OpCodes\OpDup.h">
      <Filter>Header Files\OpCodes</Filter>
    </ClInclude>
    <ClInclude Include="OpCodes\OpGc.h">
      <Filter>Header Files\OpCodes</Filter>
    </ClInclude>
    <ClInclude Include="OpCodes\OpGet.h">
      <Filter>Header Files\OpCodes</Filter>
    </ClInclude>
    <ClInclude Include="OpCodes\OpGetarr.h">
      <Filter>Header Files\OpCodes</Filter>
    </ClInclude>
    <ClInclude Include="OpCodes\OpJmp.h">
      <Filter>Header Files\OpCodes</Filter>
    </ClInclude>
    <ClInclude Include="OpCodes\OpJmpif.h">
      <Filter>Header Files\OpCodes</Filter>
    </ClInclude>
    <ClInclude Include="OpCodes\OpLocal.h">
      <Filter>Header Files\OpCodes</Filter>
    </ClInclude>
    <ClInclude Include="OpCodes\OpMaxStack.h">
      <Filter>Header Files\OpCodes</Filter>
    </ClInclude>
    <ClInclude Include="OpCodes\OpMclass.h">
      <Filter>Header Files\OpCodes</Filter>
    </ClInclude>
    <ClInclude Include="OpCodes\OpMethod.h">
      <Filter>Header Files\OpCodes</Filter>
    </ClInclude>
    <ClInclude Include="OpCodes\OpMul.h">
      <Filter>Header Files\OpCodes</Filter>
    </ClInclude>
    <ClInclude Include="OpCodes\OpNew.h">
      <Filter>Header Files\OpCodes</Filter>
    </ClInclude>
    <ClInclude Include="OpCodes\OpNewarr.h">
      <Filter>Header Files\OpCodes</Filter>
    </ClInclude>
    <ClInclude Include="OpCodes\OpPushBool.h">
      <Filter>Header Files\OpCodes</Filter>
    </ClInclude>
    <ClInclude Include="OpCodes\OpPushFloat.h">
      <Filter>Header Files\OpCodes</Filter>
    </ClInclude>
    <ClInclude Include="OpCodes\OpPushInt32.h">
      <Filter>Header Files\OpCodes</Filter>
    </ClInclude>
    <ClInclude Include="OpCodes\OpPushStr.h">
      <Filter>Header Files\OpCodes</Filter>
    </ClInclude>
    <ClInclude Include="OpCodes\OpReturn.h">
      <Filter>Header Files\OpCodes</Filter>
    </ClInclude>
    <ClInclude Include="OpCodes\OpSet.h">
      <Filter>Header Files\OpCodes</Filter>
    </ClInclude>
    <ClInclude Include="OpCodes\OpSetarr.h">
      <Filter>Header Files\OpCodes</Filter>
    </ClInclude>
    <ClInclude Include="OpCodes\OpSub.h">
      <Filter>Header Files\OpCodes</Filter>
    </ClInclude>
    <ClInclude Include="Std\RelaxNull.h">
      <Filter>Header Files\Std</Filter>
    </ClInclude>
    <ClInclude Include="Std\StdClass.h">
      <Filter>Header Files\Std</Filter>
    </ClInclude>
    <ClInclude Include="Std\StdClassList.h">
      <Filter>Header Files\Std</Filter>
    </ClInclude>
    <ClInclude Include="Std\StdMethod.h">
      <Filter>Header Files\Std</Filter>
    </ClInclude>
    <ClInclude Include="Std\DataTypes\Object.h">
      <Filter>Header Files\Std\DataTypes</Filter>
    </ClInclude>
    <ClInclude Include="Std\DataTypes\RelaxArray.h">
      <Filter>Header Files\Std\DataTypes</Filter>
    </ClInclude>
    <ClInclude Include="Std\DataTypes\RelaxBool.h">
      <Filter>Header Files\Std\DataTypes</Filter>
    </ClInclude>
    <ClInclude Include="Std\DataTypes\RelaxConsole.h">
      <Filter>Header Files\Std\DataTypes</Filter>
    </ClInclude>
    <ClInclude Include="Std\DataTypes\RelaxConverter.h">
      <Filter>Header Files\Std\DataTypes</Filter>
    </ClInclude>
    <ClInclude Include="Std\DataTypes\RelaxFloat.h">
      <Filter>Header Files\Std\DataTypes</Filter>
    </ClInclude>
    <ClInclude Include="Std\DataTypes\RelaxInt32.h">
      <Filter>Header Files\Std\DataTypes</Filter>
    </ClInclude>
    <ClInclude Include="Std\DataTypes\RelaxPointer.h">
      <Filter>Header Files\Std\DataTypes</Filter>
    </ClInclude>
    <ClInclude Include="Std\DataTypes\RelaxRandom.h">
      <Filter>Header Files\Std\DataTypes</Filter>
    </ClInclude>
    <ClInclude Include="Std\DataTypes\RelaxString.h">
      <Filter>Header Files\Std\DataTypes</Filter>
    </ClInclude>
  </ItemGroup>
</Project>