
Microsoft Visual Studio Solution File, Format Version 12.00
# Visual Studio Version 16
VisualStudioVersion = 16.0.30523.141
MinimumVisualStudioVersion = 10.0.40219.1
Project("{8BC9CEB8-8B4A-11D0-8D11-00A0C91BC942}") = "RelaxVM", "RelaxVM\RelaxVM.vcxproj", "{0FD89F30-C411-460F-97B3-C69F5F5DF226}"
EndProject
Project("{8BC9CEB8-8B4A-11D0-8D11-00A0C91BC942}") = "UnitTest", "UnitTest\UnitTest.vcxproj", "{0375CEF8-D18E-48E3-AE6B-1925CC7F569B}"
EndProject
Project("{8BC9CEB8-8B4A-11D0-8D11-00A0C91BC942}") = "TestGenerateCompileFile", "TestGenerateCompileFile\TestGenerateCompileFile.vcxproj", "{4AFDA29E-43A8-4A2C-99E9-D591AFD9FEE9}"
EndProject
Global
	GlobalSection(SolutionConfigurationPlatforms) = preSolution
		Debug|x64 = Debug|x64
		Release|x64 = Release|x64
	EndGlobalSection
	GlobalSection(ProjectConfigurationPlatforms) = postSolution
		{0FD89F30-C411-460F-97B3-C69F5F5DF226}.Debug|x64.ActiveCfg = Debug|x64
		{0FD89F30-C411-460F-97B3-C69F5F5DF226}.Debug|x64.Build.0 = Debug|x64
		{0FD89F30-C411-460F-97B3-C69F5F5DF226}.Release|x64.ActiveCfg = Release|x64
		{0FD89F30-C411-460F-97B3-C69F5F5DF226}.Release|x64.Build.0 = Release|x64
		{0375CEF8-D18E-48E3-AE6B-1925CC7F569B}.Debug|x64.ActiveCfg = Debug|x64
		{0375CEF8-D18E-48E3-AE6B-1925CC7F569B}.Debug|x64.Build.0 = Debug|x64
		{0375CEF8-D18E-48E3-AE6B-1925CC7F569B}.Release|x64.ActiveCfg = Release|x64
		{0375CEF8-D18E-48E3-AE6B-1925CC7F569B}.Release|x64.Build.0 = Release|x64
		{4AFDA29E-43A8-4A2C-99E9-D591AFD9FEE9}.Debug|x64.ActiveCfg = Debug|x64
		{4AFDA29E-43A8-4A2C-99E9-D591AFD9FEE9}.Debug|x64.Build.0 = Debug|x64
		{4AFDA29E-43A8-4A2C-99E9-D591AFD9FEE9}.Release|x64.ActiveCfg = Release|x64
		{4AFDA29E-43A8-4A2C-99E9-D591AFD9FEE9}.Release|x64.Build.0 = Release|x64
	EndGlobalSection
	GlobalSection(SolutionProperties) = preSolution
		HideSolutionNode = FALSE
	EndGlobalSection
	GlobalSection(ExtensibilityGlobals) = postSolution
		SolutionGuid = {520411B1-74E5-4617-A6B9-C17897D0BCDF}
	EndGlobalSection
EndGlobal
